
Microsoft Visual Studio Solution File, Format Version 12.00
# Visual Studio Version 16
VisualStudioVersion = 16.0.28606.126
MinimumVisualStudioVersion = 10.0.40219.1
Project("{FAE04EC0-301F-11D3-BF4B-00C04F79EFBC}") = "Eventsourcing", "Eventsourcing\Eventsourcing.csproj", "{903E8EED-E8BA-43B1-B960-EF7BFAFBEA61}"
EndProject
Global
	GlobalSection(SolutionConfigurationPlatforms) = preSolution
		Debug|Any CPU = Debug|Any CPU
		Release|Any CPU = Release|Any CPU
	EndGlobalSection
	GlobalSection(ProjectConfigurationPlatforms) = postSolution
		{903E8EED-E8BA-43B1-B960-EF7BFAFBEA61}.Debug|Any CPU.ActiveCfg = Debug|Any CPU
		{903E8EED-E8BA-43B1-B960-EF7BFAFBEA61}.Debug|Any CPU.Build.0 = Debug|Any CPU
		{903E8EED-E8BA-43B1-B960-EF7BFAFBEA61}.Release|Any CPU.ActiveCfg = Release|Any CPU
		{903E8EED-E8BA-43B1-B960-EF7BFAFBEA61}.Release|Any CPU.Build.0 = Release|Any CPU
	EndGlobalSection
	GlobalSection(SolutionProperties) = preSolution
		HideSolutionNode = FALSE
	EndGlobalSection
	GlobalSection(ExtensibilityGlobals) = postSolution
		SolutionGuid = {EB5F9619-910B-4B27-9BF1-8DC3A78AEF5D}
	EndGlobalSection
EndGlobal
